// !$*UTF8*$!
{
	archiveVersion = 1;
	classes = {
	};
	objectVersion = 46;
	objects = {

/* Begin PBXBuildFile section */
		8D29BDD916E6DF43007D1C0B /* MAmountMeasurement.m in Sources */ = {isa = PBXBuildFile; fileRef = 8D29BDD716E6DF42007D1C0B /* MAmountMeasurement.m */; };
		8D29BDDA16E6DF43007D1C0B /* MAmountMeasurement.xib in Resources */ = {isa = PBXBuildFile; fileRef = 8D29BDD816E6DF43007D1C0B /* MAmountMeasurement.xib */; };
		8D4318EE16B22B7B00D0989C /* MRecipes.m in Sources */ = {isa = PBXBuildFile; fileRef = 8D4318ED16B22B7B00D0989C /* MRecipes.m */; };
		8D4318F116B22D0F00D0989C /* MRecipeWithIngredients.m in Sources */ = {isa = PBXBuildFile; fileRef = 8D4318F016B22D0F00D0989C /* MRecipeWithIngredients.m */; };
		8D43190216B600C600D0989C /* SenTestingKit.framework in Frameworks */ = {isa = PBXBuildFile; fileRef = 8D4318F916B5EDD200D0989C /* SenTestingKit.framework */; };
		8D43190316B600C600D0989C /* UIKit.framework in Frameworks */ = {isa = PBXBuildFile; fileRef = 8DDF6A73169B27BE002019C0 /* UIKit.framework */; };
		8D43190416B600C600D0989C /* Foundation.framework in Frameworks */ = {isa = PBXBuildFile; fileRef = 8DDF6A75169B27BE002019C0 /* Foundation.framework */; };
		8D43190A16B600C700D0989C /* InfoPlist.strings in Resources */ = {isa = PBXBuildFile; fileRef = 8D43190816B600C700D0989C /* InfoPlist.strings */; };
		8D43190D16B600C700D0989C /* RecipeUnitTest.m in Sources */ = {isa = PBXBuildFile; fileRef = 8D43190C16B600C700D0989C /* RecipeUnitTest.m */; };
		8D43191616B61E4F00D0989C /* MMeasurements.m in Sources */ = {isa = PBXBuildFile; fileRef = 8DE62D0616AA60D500932F5B /* MMeasurements.m */; };
		8D43191716B61E6C00D0989C /* MDatabase.m in Sources */ = {isa = PBXBuildFile; fileRef = 8DA7938116AF92A0008120DF /* MDatabase.m */; };
		8D43191816B61F0D00D0989C /* MMeasurement.m in Sources */ = {isa = PBXBuildFile; fileRef = 8DA7937816AAF360008120DF /* MMeasurement.m */; };
		8D43191A16B61F2700D0989C /* libsqlite3.0.dylib in Frameworks */ = {isa = PBXBuildFile; fileRef = 8D43191916B61F2700D0989C /* libsqlite3.0.dylib */; };
		8D43191B16B6371A00D0989C /* Menus.sql in Resources */ = {isa = PBXBuildFile; fileRef = 8DE62D0016AA52CF00932F5B /* Menus.sql */; };
		8D6C877916F8158600425226 /* MShoppingCart.m in Sources */ = {isa = PBXBuildFile; fileRef = 8D6C877716F8158600425226 /* MShoppingCart.m */; };
		8D6C877A16F8158600425226 /* MShoppingCart.xib in Resources */ = {isa = PBXBuildFile; fileRef = 8D6C877816F8158600425226 /* MShoppingCart.xib */; };
		8D7B300A16E84DCC00582D1A /* MMenuController.m in Sources */ = {isa = PBXBuildFile; fileRef = 8D7B300816E84DCC00582D1A /* MMenuController.m */; };
		8D7B300B16E84DCC00582D1A /* MMenuController.xib in Resources */ = {isa = PBXBuildFile; fileRef = 8D7B300916E84DCC00582D1A /* MMenuController.xib */; };
		8D7B300E16E84FE700582D1A /* MMenus.m in Sources */ = {isa = PBXBuildFile; fileRef = 8D7B300D16E84FE700582D1A /* MMenus.m */; };
		8D7EBE81169FD74200819A4E /* MIngredient.m in Sources */ = {isa = PBXBuildFile; fileRef = 8D7EBE80169FD74200819A4E /* MIngredient.m */; };
		8D7EBE85169FDCDB00819A4E /* MMenu.m in Sources */ = {isa = PBXBuildFile; fileRef = 8D7EBE84169FDCDB00819A4E /* MMenu.m */; };
		8D96509E16E3C7BD001B50D1 /* MRecipeListController.m in Sources */ = {isa = PBXBuildFile; fileRef = 8D96509C16E3C7BD001B50D1 /* MRecipeListController.m */; };
		8D96509F16E3C7BD001B50D1 /* MRecipeListController.xib in Resources */ = {isa = PBXBuildFile; fileRef = 8D96509D16E3C7BD001B50D1 /* MRecipeListController.xib */; };
		8D9650A416E3CEAB001B50D1 /* MRecipeDetailsController.m in Sources */ = {isa = PBXBuildFile; fileRef = 8D9650A216E3CEAA001B50D1 /* MRecipeDetailsController.m */; };
		8DA7937916AAF360008120DF /* MMeasurement.m in Sources */ = {isa = PBXBuildFile; fileRef = 8DA7937816AAF360008120DF /* MMeasurement.m */; };
		8DA7937E16AF91A6008120DF /* MIngredients.m in Sources */ = {isa = PBXBuildFile; fileRef = 8DA7937D16AF91A6008120DF /* MIngredients.m */; };
		8DA7938216AF92A1008120DF /* MDatabase.m in Sources */ = {isa = PBXBuildFile; fileRef = 8DA7938116AF92A0008120DF /* MDatabase.m */; };
		8DAC7A5916E4341500BB7DB1 /* MIngredientController.m in Sources */ = {isa = PBXBuildFile; fileRef = 8DAC7A5716E4341500BB7DB1 /* MIngredientController.m */; };
		8DAC7A5A16E4341500BB7DB1 /* MIngredientController.xib in Resources */ = {isa = PBXBuildFile; fileRef = 8DAC7A5816E4341500BB7DB1 /* MIngredientController.xib */; };
		8DC9DE4816EBA35C00F69139 /* MIngredientFromRecipeInMenu.m in Sources */ = {isa = PBXBuildFile; fileRef = 8DC9DE4716EBA35C00F69139 /* MIngredientFromRecipeInMenu.m */; };
		8DDF6A74169B27BE002019C0 /* UIKit.framework in Frameworks */ = {isa = PBXBuildFile; fileRef = 8DDF6A73169B27BE002019C0 /* UIKit.framework */; };
		8DDF6A76169B27BE002019C0 /* Foundation.framework in Frameworks */ = {isa = PBXBuildFile; fileRef = 8DDF6A75169B27BE002019C0 /* Foundation.framework */; };
		8DDF6A78169B27BE002019C0 /* CoreGraphics.framework in Frameworks */ = {isa = PBXBuildFile; fileRef = 8DDF6A77169B27BE002019C0 /* CoreGraphics.framework */; };
		8DDF6A7A169B27BE002019C0 /* CoreData.framework in Frameworks */ = {isa = PBXBuildFile; fileRef = 8DDF6A79169B27BE002019C0 /* CoreData.framework */; };
		8DDF6A80169B27BE002019C0 /* InfoPlist.strings in Resources */ = {isa = PBXBuildFile; fileRef = 8DDF6A7E169B27BE002019C0 /* InfoPlist.strings */; };
		8DDF6A82169B27BE002019C0 /* main.m in Sources */ = {isa = PBXBuildFile; fileRef = 8DDF6A81169B27BE002019C0 /* main.m */; };
		8DDF6A86169B27BE002019C0 /* MAppDelegate.m in Sources */ = {isa = PBXBuildFile; fileRef = 8DDF6A85169B27BE002019C0 /* MAppDelegate.m */; };
		8DDF6A88169B27BE002019C0 /* Default.png in Resources */ = {isa = PBXBuildFile; fileRef = 8DDF6A87169B27BE002019C0 /* Default.png */; };
		8DDF6A8A169B27BE002019C0 /* Default@2x.png in Resources */ = {isa = PBXBuildFile; fileRef = 8DDF6A89169B27BE002019C0 /* Default@2x.png */; };
		8DDF6A8C169B27BE002019C0 /* Default-568h@2x.png in Resources */ = {isa = PBXBuildFile; fileRef = 8DDF6A8B169B27BE002019C0 /* Default-568h@2x.png */; };
		8DDF6A8F169B27BE002019C0 /* myRecepy.xcdatamodeld in Sources */ = {isa = PBXBuildFile; fileRef = 8DDF6A8D169B27BE002019C0 /* myRecepy.xcdatamodeld */; };
		8DDF6A97169B27DF002019C0 /* MRecipe.m in Sources */ = {isa = PBXBuildFile; fileRef = 8DDF6A96169B27DE002019C0 /* MRecipe.m */; };
		8DDF6A99169B63D9002019C0 /* MListOfIngridients.xib in Resources */ = {isa = PBXBuildFile; fileRef = 8DDF6A98169B63D9002019C0 /* MListOfIngridients.xib */; };
		8DDF6A9C169B64A2002019C0 /* MIngredientsController.m in Sources */ = {isa = PBXBuildFile; fileRef = 8DDF6A9B169B64A2002019C0 /* MIngredientsController.m */; };
		8DE62D0116AA52CF00932F5B /* Menus.sql in Resources */ = {isa = PBXBuildFile; fileRef = 8DE62D0016AA52CF00932F5B /* Menus.sql */; };
		8DE62D0416AA5DCE00932F5B /* MIngredientWithAmount.m in Sources */ = {isa = PBXBuildFile; fileRef = 8DE62D0316AA5DCE00932F5B /* MIngredientWithAmount.m */; };
		8DE62D0716AA60D500932F5B /* MMeasurements.m in Sources */ = {isa = PBXBuildFile; fileRef = 8DE62D0616AA60D500932F5B /* MMeasurements.m */; };
		8DEE045316F02710001040D7 /* MRecipesForMenuController.m in Sources */ = {isa = PBXBuildFile; fileRef = 8DEE045116F02710001040D7 /* MRecipesForMenuController.m */; };
		8DEE045416F02710001040D7 /* MRecipesForMenuController.xib in Resources */ = {isa = PBXBuildFile; fileRef = 8DEE045216F02710001040D7 /* MRecipesForMenuController.xib */; };
		8DF43F7216A2737E007E2C81 /* libsqlite3.dylib in Frameworks */ = {isa = PBXBuildFile; fileRef = 8DF43F7116A2737E007E2C81 /* libsqlite3.dylib */; settings = {ATTRIBUTES = (Required, ); }; };
		A503FE9F171B8D09003E10AE /* Dakota Regular.ttf in Resources */ = {isa = PBXBuildFile; fileRef = A5A06AD6171B87D700F30E62 /* Dakota Regular.ttf */; };
		A503FEA1171B8DDA003E10AE /* myRecipeList-Info.plist in Resources */ = {isa = PBXBuildFile; fileRef = A503FEA0171B8DDA003E10AE /* myRecipeList-Info.plist */; };
		A503FEA3171CE2C7003E10AE /* button-add-ingridient.png in Resources */ = {isa = PBXBuildFile; fileRef = A503FEA2171CE2C7003E10AE /* button-add-ingridient.png */; };
		A503FEA5171CE56D003E10AE /* button-add-ingridient@2x.png in Resources */ = {isa = PBXBuildFile; fileRef = A503FEA4171CE56D003E10AE /* button-add-ingridient@2x.png */; };
		A5245E54171E33FB00C733E7 /* nav-light-bg.png in Resources */ = {isa = PBXBuildFile; fileRef = A5245E52171E33FB00C733E7 /* nav-light-bg.png */; };
		A5245E55171E33FB00C733E7 /* nav-light-bg@2x.png in Resources */ = {isa = PBXBuildFile; fileRef = A5245E53171E33FB00C733E7 /* nav-light-bg@2x.png */; };
		A52FD7DB172352D9003978B9 /* MRecipeCell.m in Sources */ = {isa = PBXBuildFile; fileRef = A52FD7DA172352D9003978B9 /* MRecipeCell.m */; };
		A58600521720C51D0098750F /* table-menus-bg.png in Resources */ = {isa = PBXBuildFile; fileRef = A58600501720C51D0098750F /* table-menus-bg.png */; };
		A58600531720C51D0098750F /* table-menus-bg@2x.png in Resources */ = {isa = PBXBuildFile; fileRef = A58600511720C51D0098750F /* table-menus-bg@2x.png */; };
		A58C6410171246FD00D4C477 /* nav-bg.png in Resources */ = {isa = PBXBuildFile; fileRef = A58C640F171246FD00D4C477 /* nav-bg.png */; };
		A58C6412171249CD00D4C477 /* body-bg.png in Resources */ = {isa = PBXBuildFile; fileRef = A58C6411171249CD00D4C477 /* body-bg.png */; };
		A58C64141712504000D4C477 /* nav-bg@2x.png in Resources */ = {isa = PBXBuildFile; fileRef = A58C64131712504000D4C477 /* nav-bg@2x.png */; };
		A58C641617125AB700D4C477 /* ico-main-menu.png in Resources */ = {isa = PBXBuildFile; fileRef = A58C641517125AB700D4C477 /* ico-main-menu.png */; };
		A58C641817125FBD00D4C477 /* button-bg.png in Resources */ = {isa = PBXBuildFile; fileRef = A58C641717125FBC00D4C477 /* button-bg.png */; };
		A58C641E1712656F00D4C477 /* button-bg@2x.png in Resources */ = {isa = PBXBuildFile; fileRef = A58C641D1712656F00D4C477 /* button-bg@2x.png */; };
		A5A06AD2171B3EF800F30E62 /* button-transparent-bg.png in Resources */ = {isa = PBXBuildFile; fileRef = A5A06AD0171B3EF800F30E62 /* button-transparent-bg.png */; };
		A5A06AD3171B3EF800F30E62 /* button-transparent-bg@2x.png in Resources */ = {isa = PBXBuildFile; fileRef = A5A06AD1171B3EF800F30E62 /* button-transparent-bg@2x.png */; };
		A5A06AD5171B4E7A00F30E62 /* MRecipeDetailsController.xib in Resources */ = {isa = PBXBuildFile; fileRef = A5A06AD4171B4E7A00F30E62 /* MRecipeDetailsController.xib */; };
		A5A06AD7171B87D800F30E62 /* Dakota Regular.ttf in Resources */ = {isa = PBXBuildFile; fileRef = A5A06AD6171B87D700F30E62 /* Dakota Regular.ttf */; };
		A5AA951B17162E820052FE06 /* table-products-bg.png in Resources */ = {isa = PBXBuildFile; fileRef = A5AA951917162E820052FE06 /* table-products-bg.png */; };
		A5AA951C17162E820052FE06 /* table-products-bg@2x.png in Resources */ = {isa = PBXBuildFile; fileRef = A5AA951A17162E820052FE06 /* table-products-bg@2x.png */; };
		A5DE20141714B6B00081587A /* button-green-bg.png in Resources */ = {isa = PBXBuildFile; fileRef = A5DE20121714B6B00081587A /* button-green-bg.png */; };
		A5DE20151714B6B00081587A /* button-green-bg@2x.png in Resources */ = {isa = PBXBuildFile; fileRef = A5DE20131714B6B00081587A /* button-green-bg@2x.png */; };
		A5DE20181714D7960081587A /* grey@2X.png in Resources */ = {isa = PBXBuildFile; fileRef = A5DE20161714D7950081587A /* grey@2X.png */; };
		A5DE20191714D7960081587A /* grey.png in Resources */ = {isa = PBXBuildFile; fileRef = A5DE20171714D7950081587A /* grey.png */; };
		A5DE201B1714EAC40081587A /* body-bg@2x.png in Resources */ = {isa = PBXBuildFile; fileRef = A5DE201A1714EAC40081587A /* body-bg@2x.png */; };
		A5DE201E1714F8AD0081587A /* bg-empty-table-rec.png in Resources */ = {isa = PBXBuildFile; fileRef = A5DE201C1714F8AD0081587A /* bg-empty-table-rec.png */; };
		A5DE201F1714F8AD0081587A /* bg-empty-table-rec@2x.png in Resources */ = {isa = PBXBuildFile; fileRef = A5DE201D1714F8AD0081587A /* bg-empty-table-rec@2x.png */; };
		A5DE20241714FC160081587A /* star_disabled_brushed.png in Resources */ = {isa = PBXBuildFile; fileRef = A5DE20201714FC160081587A /* star_disabled_brushed.png */; };
		A5DE20251714FC160081587A /* star_disabled_brushed@2x.png in Resources */ = {isa = PBXBuildFile; fileRef = A5DE20211714FC160081587A /* star_disabled_brushed@2x.png */; };
		A5DE20261714FC160081587A /* star_enabled_brushed.png in Resources */ = {isa = PBXBuildFile; fileRef = A5DE20221714FC160081587A /* star_enabled_brushed.png */; };
		A5DE20271714FC160081587A /* star_enabled_brushed@2x.png in Resources */ = {isa = PBXBuildFile; fileRef = A5DE20231714FC160081587A /* star_enabled_brushed@2x.png */; };
		A5EB002E1713A18C0038F075 /* shopping_bag.png in Resources */ = {isa = PBXBuildFile; fileRef = A5EB002C1713A18C0038F075 /* shopping_bag.png */; };
		A5EB002F1713A18C0038F075 /* shopping_bag@2x.png in Resources */ = {isa = PBXBuildFile; fileRef = A5EB002D1713A18C0038F075 /* shopping_bag@2x.png */; };
		A5EB00311713A4A40038F075 /* btn-add.png in Resources */ = {isa = PBXBuildFile; fileRef = A5EB00301713A4A40038F075 /* btn-add.png */; };
		A5EB00331713A50F0038F075 /* btn-add@2x.png in Resources */ = {isa = PBXBuildFile; fileRef = A5EB00321713A50F0038F075 /* btn-add@2x.png */; };
		A5EB00351713BA4D0038F075 /* ico-main-menu@2x.png in Resources */ = {isa = PBXBuildFile; fileRef = A5EB00341713BA4D0038F075 /* ico-main-menu@2x.png */; };
		A5EC652D171661DC008CDC54 /* products-checkbox-checked.png in Resources */ = {isa = PBXBuildFile; fileRef = A5EC652B171661DC008CDC54 /* products-checkbox-checked.png */; };
		A5EC652E171661DC008CDC54 /* products-checkbox-checked@2x.png in Resources */ = {isa = PBXBuildFile; fileRef = A5EC652C171661DC008CDC54 /* products-checkbox-checked@2x.png */; };
		A5EC653117166384008CDC54 /* products-checkbox.png in Resources */ = {isa = PBXBuildFile; fileRef = A5EC652F17166384008CDC54 /* products-checkbox.png */; };
		A5EC653217166384008CDC54 /* products-checkbox@2x.png in Resources */ = {isa = PBXBuildFile; fileRef = A5EC653017166384008CDC54 /* products-checkbox@2x.png */; };
/* End PBXBuildFile section */

/* Begin PBXBuildRule section */
		8D4318FB16B5EE5D00D0989C /* PBXBuildRule */ = {
			isa = PBXBuildRule;
			compilerSpec = com.apple.compilers.proxy.script;
			fileType = pattern.proxy;
			isEditable = 1;
			outputFiles = (
			);
			script = "";
		};
/* End PBXBuildRule section */

/* Begin PBXFileReference section */
		8D29BDD616E6DF42007D1C0B /* MAmountMeasurement.h */ = {isa = PBXFileReference; fileEncoding = 4; lastKnownFileType = sourcecode.c.h; name = MAmountMeasurement.h; path = ../MAmountMeasurement.h; sourceTree = "<group>"; };
		8D29BDD716E6DF42007D1C0B /* MAmountMeasurement.m */ = {isa = PBXFileReference; fileEncoding = 4; lastKnownFileType = sourcecode.c.objc; name = MAmountMeasurement.m; path = ../MAmountMeasurement.m; sourceTree = "<group>"; };
		8D29BDD816E6DF43007D1C0B /* MAmountMeasurement.xib */ = {isa = PBXFileReference; fileEncoding = 4; lastKnownFileType = file.xib; name = MAmountMeasurement.xib; path = ../MAmountMeasurement.xib; sourceTree = "<group>"; };
		8D4318EC16B22B7B00D0989C /* MRecipes.h */ = {isa = PBXFileReference; fileEncoding = 4; lastKnownFileType = sourcecode.c.h; path = MRecipes.h; sourceTree = "<group>"; };
		8D4318ED16B22B7B00D0989C /* MRecipes.m */ = {isa = PBXFileReference; fileEncoding = 4; lastKnownFileType = sourcecode.c.objc; path = MRecipes.m; sourceTree = "<group>"; };
		8D4318EF16B22D0F00D0989C /* MRecipeWithIngredients.h */ = {isa = PBXFileReference; fileEncoding = 4; lastKnownFileType = sourcecode.c.h; path = MRecipeWithIngredients.h; sourceTree = "<group>"; };
		8D4318F016B22D0F00D0989C /* MRecipeWithIngredients.m */ = {isa = PBXFileReference; fileEncoding = 4; lastKnownFileType = sourcecode.c.objc; path = MRecipeWithIngredients.m; sourceTree = "<group>"; };
		8D4318F916B5EDD200D0989C /* SenTestingKit.framework */ = {isa = PBXFileReference; lastKnownFileType = wrapper.framework; name = SenTestingKit.framework; path = Library/Frameworks/SenTestingKit.framework; sourceTree = DEVELOPER_DIR; };
		8D43190116B600C600D0989C /* RecipeUnitTest.octest */ = {isa = PBXFileReference; explicitFileType = wrapper.cfbundle; includeInIndex = 0; path = RecipeUnitTest.octest; sourceTree = BUILT_PRODUCTS_DIR; };
		8D43190716B600C700D0989C /* RecipeUnitTest-Info.plist */ = {isa = PBXFileReference; lastKnownFileType = text.plist.xml; path = "RecipeUnitTest-Info.plist"; sourceTree = "<group>"; };
		8D43190916B600C700D0989C /* en */ = {isa = PBXFileReference; lastKnownFileType = text.plist.strings; name = en; path = en.lproj/InfoPlist.strings; sourceTree = "<group>"; };
		8D43190B16B600C700D0989C /* RecipeUnitTest.h */ = {isa = PBXFileReference; lastKnownFileType = sourcecode.c.h; path = RecipeUnitTest.h; sourceTree = "<group>"; };
		8D43190C16B600C700D0989C /* RecipeUnitTest.m */ = {isa = PBXFileReference; lastKnownFileType = sourcecode.c.objc; path = RecipeUnitTest.m; sourceTree = "<group>"; };
		8D43190E16B600C700D0989C /* RecipeUnitTest-Prefix.pch */ = {isa = PBXFileReference; lastKnownFileType = sourcecode.c.h; path = "RecipeUnitTest-Prefix.pch"; sourceTree = "<group>"; };
		8D43191916B61F2700D0989C /* libsqlite3.0.dylib */ = {isa = PBXFileReference; lastKnownFileType = "compiled.mach-o.dylib"; name = libsqlite3.0.dylib; path = usr/lib/libsqlite3.0.dylib; sourceTree = SDKROOT; };
		8D6C877616F8158600425226 /* MShoppingCart.h */ = {isa = PBXFileReference; fileEncoding = 4; lastKnownFileType = sourcecode.c.h; path = MShoppingCart.h; sourceTree = "<group>"; };
		8D6C877716F8158600425226 /* MShoppingCart.m */ = {isa = PBXFileReference; fileEncoding = 4; lastKnownFileType = sourcecode.c.objc; path = MShoppingCart.m; sourceTree = "<group>"; };
		8D6C877816F8158600425226 /* MShoppingCart.xib */ = {isa = PBXFileReference; fileEncoding = 4; lastKnownFileType = file.xib; path = MShoppingCart.xib; sourceTree = "<group>"; };
		8D7B300716E84DCC00582D1A /* MMenuController.h */ = {isa = PBXFileReference; fileEncoding = 4; lastKnownFileType = sourcecode.c.h; path = MMenuController.h; sourceTree = "<group>"; };
		8D7B300816E84DCC00582D1A /* MMenuController.m */ = {isa = PBXFileReference; fileEncoding = 4; lastKnownFileType = sourcecode.c.objc; path = MMenuController.m; sourceTree = "<group>"; };
		8D7B300916E84DCC00582D1A /* MMenuController.xib */ = {isa = PBXFileReference; fileEncoding = 4; lastKnownFileType = file.xib; path = MMenuController.xib; sourceTree = "<group>"; };
		8D7B300C16E84FE600582D1A /* MMenus.h */ = {isa = PBXFileReference; fileEncoding = 4; lastKnownFileType = sourcecode.c.h; path = MMenus.h; sourceTree = "<group>"; };
		8D7B300D16E84FE700582D1A /* MMenus.m */ = {isa = PBXFileReference; fileEncoding = 4; lastKnownFileType = sourcecode.c.objc; path = MMenus.m; sourceTree = "<group>"; };
		8D7EBE7F169FD74200819A4E /* MIngredient.h */ = {isa = PBXFileReference; fileEncoding = 4; lastKnownFileType = sourcecode.c.h; path = MIngredient.h; sourceTree = "<group>"; };
		8D7EBE80169FD74200819A4E /* MIngredient.m */ = {isa = PBXFileReference; fileEncoding = 4; lastKnownFileType = sourcecode.c.objc; path = MIngredient.m; sourceTree = "<group>"; };
		8D7EBE83169FDCDB00819A4E /* MMenu.h */ = {isa = PBXFileReference; fileEncoding = 4; lastKnownFileType = sourcecode.c.h; path = MMenu.h; sourceTree = "<group>"; };
		8D7EBE84169FDCDB00819A4E /* MMenu.m */ = {isa = PBXFileReference; fileEncoding = 4; lastKnownFileType = sourcecode.c.objc; path = MMenu.m; sourceTree = "<group>"; };
		8D96509B16E3C7BD001B50D1 /* MRecipeListController.h */ = {isa = PBXFileReference; fileEncoding = 4; lastKnownFileType = sourcecode.c.h; path = MRecipeListController.h; sourceTree = "<group>"; };
		8D96509C16E3C7BD001B50D1 /* MRecipeListController.m */ = {isa = PBXFileReference; fileEncoding = 4; lastKnownFileType = sourcecode.c.objc; path = MRecipeListController.m; sourceTree = "<group>"; };
		8D96509D16E3C7BD001B50D1 /* MRecipeListController.xib */ = {isa = PBXFileReference; fileEncoding = 4; lastKnownFileType = file.xib; path = MRecipeListController.xib; sourceTree = "<group>"; };
		8D9650A116E3CEAA001B50D1 /* MRecipeDetailsController.h */ = {isa = PBXFileReference; fileEncoding = 4; lastKnownFileType = sourcecode.c.h; name = MRecipeDetailsController.h; path = ../MRecipeDetailsController.h; sourceTree = "<group>"; };
		8D9650A216E3CEAA001B50D1 /* MRecipeDetailsController.m */ = {isa = PBXFileReference; fileEncoding = 4; lastKnownFileType = sourcecode.c.objc; name = MRecipeDetailsController.m; path = ../MRecipeDetailsController.m; sourceTree = "<group>"; };
		8DA7937716AAF360008120DF /* MMeasurement.h */ = {isa = PBXFileReference; fileEncoding = 4; lastKnownFileType = sourcecode.c.h; path = MMeasurement.h; sourceTree = "<group>"; };
		8DA7937816AAF360008120DF /* MMeasurement.m */ = {isa = PBXFileReference; fileEncoding = 4; lastKnownFileType = sourcecode.c.objc; path = MMeasurement.m; sourceTree = "<group>"; };
		8DA7937B16AF8CF1008120DF /* MEnumerations.h */ = {isa = PBXFileReference; lastKnownFileType = sourcecode.c.h; path = MEnumerations.h; sourceTree = "<group>"; };
		8DA7937C16AF91A6008120DF /* MIngredients.h */ = {isa = PBXFileReference; fileEncoding = 4; lastKnownFileType = sourcecode.c.h; path = MIngredients.h; sourceTree = "<group>"; };
		8DA7937D16AF91A6008120DF /* MIngredients.m */ = {isa = PBXFileReference; fileEncoding = 4; lastKnownFileType = sourcecode.c.objc; path = MIngredients.m; sourceTree = "<group>"; };
		8DA7938016AF92A0008120DF /* MDatabase.h */ = {isa = PBXFileReference; fileEncoding = 4; lastKnownFileType = sourcecode.c.h; path = MDatabase.h; sourceTree = "<group>"; };
		8DA7938116AF92A0008120DF /* MDatabase.m */ = {isa = PBXFileReference; fileEncoding = 4; lastKnownFileType = sourcecode.c.objc; path = MDatabase.m; sourceTree = "<group>"; };
		8DAC7A5616E4341500BB7DB1 /* MIngredientController.h */ = {isa = PBXFileReference; fileEncoding = 4; lastKnownFileType = sourcecode.c.h; path = MIngredientController.h; sourceTree = "<group>"; };
		8DAC7A5716E4341500BB7DB1 /* MIngredientController.m */ = {isa = PBXFileReference; fileEncoding = 4; lastKnownFileType = sourcecode.c.objc; path = MIngredientController.m; sourceTree = "<group>"; };
		8DAC7A5816E4341500BB7DB1 /* MIngredientController.xib */ = {isa = PBXFileReference; fileEncoding = 4; lastKnownFileType = file.xib; path = MIngredientController.xib; sourceTree = "<group>"; };
		8DC9DE4616EBA35C00F69139 /* MIngredientFromRecipeInMenu.h */ = {isa = PBXFileReference; fileEncoding = 4; lastKnownFileType = sourcecode.c.h; path = MIngredientFromRecipeInMenu.h; sourceTree = "<group>"; };
		8DC9DE4716EBA35C00F69139 /* MIngredientFromRecipeInMenu.m */ = {isa = PBXFileReference; fileEncoding = 4; lastKnownFileType = sourcecode.c.objc; path = MIngredientFromRecipeInMenu.m; sourceTree = "<group>"; };
		8DDF6A6F169B27BE002019C0 /* myRecipeList.app */ = {isa = PBXFileReference; explicitFileType = wrapper.application; includeInIndex = 0; path = myRecipeList.app; sourceTree = BUILT_PRODUCTS_DIR; };
		8DDF6A73169B27BE002019C0 /* UIKit.framework */ = {isa = PBXFileReference; lastKnownFileType = wrapper.framework; name = UIKit.framework; path = System/Library/Frameworks/UIKit.framework; sourceTree = SDKROOT; };
		8DDF6A75169B27BE002019C0 /* Foundation.framework */ = {isa = PBXFileReference; lastKnownFileType = wrapper.framework; name = Foundation.framework; path = System/Library/Frameworks/Foundation.framework; sourceTree = SDKROOT; };
		8DDF6A77169B27BE002019C0 /* CoreGraphics.framework */ = {isa = PBXFileReference; lastKnownFileType = wrapper.framework; name = CoreGraphics.framework; path = System/Library/Frameworks/CoreGraphics.framework; sourceTree = SDKROOT; };
		8DDF6A79169B27BE002019C0 /* CoreData.framework */ = {isa = PBXFileReference; lastKnownFileType = wrapper.framework; name = CoreData.framework; path = System/Library/Frameworks/CoreData.framework; sourceTree = SDKROOT; };
		8DDF6A7F169B27BE002019C0 /* en */ = {isa = PBXFileReference; lastKnownFileType = text.plist.strings; name = en; path = en.lproj/InfoPlist.strings; sourceTree = "<group>"; };
		8DDF6A81169B27BE002019C0 /* main.m */ = {isa = PBXFileReference; lastKnownFileType = sourcecode.c.objc; path = main.m; sourceTree = "<group>"; };
		8DDF6A83169B27BE002019C0 /* myRecipeList-Prefix.pch */ = {isa = PBXFileReference; lastKnownFileType = sourcecode.c.h; path = "myRecipeList-Prefix.pch"; sourceTree = "<group>"; };
		8DDF6A84169B27BE002019C0 /* MAppDelegate.h */ = {isa = PBXFileReference; lastKnownFileType = sourcecode.c.h; path = MAppDelegate.h; sourceTree = "<group>"; };
		8DDF6A85169B27BE002019C0 /* MAppDelegate.m */ = {isa = PBXFileReference; lastKnownFileType = sourcecode.c.objc; path = MAppDelegate.m; sourceTree = "<group>"; };
		8DDF6A87169B27BE002019C0 /* Default.png */ = {isa = PBXFileReference; lastKnownFileType = image.png; path = Default.png; sourceTree = "<group>"; };
		8DDF6A89169B27BE002019C0 /* Default@2x.png */ = {isa = PBXFileReference; lastKnownFileType = image.png; path = "Default@2x.png"; sourceTree = "<group>"; };
		8DDF6A8B169B27BE002019C0 /* Default-568h@2x.png */ = {isa = PBXFileReference; lastKnownFileType = image.png; path = "Default-568h@2x.png"; sourceTree = "<group>"; };
		8DDF6A8E169B27BE002019C0 /* myRecepy.xcdatamodel */ = {isa = PBXFileReference; lastKnownFileType = wrapper.xcdatamodel; path = myRecepy.xcdatamodel; sourceTree = "<group>"; };
		8DDF6A95169B27DE002019C0 /* MRecipe.h */ = {isa = PBXFileReference; fileEncoding = 4; lastKnownFileType = sourcecode.c.h; name = MRecipe.h; path = myRecepy/MRecipe.h; sourceTree = "<group>"; };
		8DDF6A96169B27DE002019C0 /* MRecipe.m */ = {isa = PBXFileReference; fileEncoding = 4; lastKnownFileType = sourcecode.c.objc; name = MRecipe.m; path = myRecepy/MRecipe.m; sourceTree = "<group>"; };
		8DDF6A98169B63D9002019C0 /* MListOfIngridients.xib */ = {isa = PBXFileReference; fileEncoding = 4; lastKnownFileType = file.xib; path = MListOfIngridients.xib; sourceTree = "<group>"; };
		8DDF6A9A169B64A2002019C0 /* MIngredientsController.h */ = {isa = PBXFileReference; fileEncoding = 4; lastKnownFileType = sourcecode.c.h; path = MIngredientsController.h; sourceTree = "<group>"; };
		8DDF6A9B169B64A2002019C0 /* MIngredientsController.m */ = {isa = PBXFileReference; fileEncoding = 4; lastKnownFileType = sourcecode.c.objc; path = MIngredientsController.m; sourceTree = "<group>"; };
		8DE62D0016AA52CF00932F5B /* Menus.sql */ = {isa = PBXFileReference; lastKnownFileType = file; name = Menus.sql; path = myRecepy/Menus.sql; sourceTree = "<group>"; };
		8DE62D0216AA5DCE00932F5B /* MIngredientWithAmount.h */ = {isa = PBXFileReference; fileEncoding = 4; lastKnownFileType = sourcecode.c.h; path = MIngredientWithAmount.h; sourceTree = "<group>"; };
		8DE62D0316AA5DCE00932F5B /* MIngredientWithAmount.m */ = {isa = PBXFileReference; fileEncoding = 4; lastKnownFileType = sourcecode.c.objc; path = MIngredientWithAmount.m; sourceTree = "<group>"; };
		8DE62D0516AA60D500932F5B /* MMeasurements.h */ = {isa = PBXFileReference; fileEncoding = 4; lastKnownFileType = sourcecode.c.h; path = MMeasurements.h; sourceTree = "<group>"; };
		8DE62D0616AA60D500932F5B /* MMeasurements.m */ = {isa = PBXFileReference; fileEncoding = 4; lastKnownFileType = sourcecode.c.objc; path = MMeasurements.m; sourceTree = "<group>"; };
		8DEE045016F02710001040D7 /* MRecipesForMenuController.h */ = {isa = PBXFileReference; fileEncoding = 4; lastKnownFileType = sourcecode.c.h; path = MRecipesForMenuController.h; sourceTree = "<group>"; };
		8DEE045116F02710001040D7 /* MRecipesForMenuController.m */ = {isa = PBXFileReference; fileEncoding = 4; lastKnownFileType = sourcecode.c.objc; path = MRecipesForMenuController.m; sourceTree = "<group>"; };
		8DEE045216F02710001040D7 /* MRecipesForMenuController.xib */ = {isa = PBXFileReference; fileEncoding = 4; lastKnownFileType = file.xib; path = MRecipesForMenuController.xib; sourceTree = "<group>"; };
		8DF43F7116A2737E007E2C81 /* libsqlite3.dylib */ = {isa = PBXFileReference; lastKnownFileType = "compiled.mach-o.dylib"; name = libsqlite3.dylib; path = usr/lib/libsqlite3.dylib; sourceTree = SDKROOT; };
		A503FEA0171B8DDA003E10AE /* myRecipeList-Info.plist */ = {isa = PBXFileReference; fileEncoding = 4; lastKnownFileType = text.plist.xml; path = "myRecipeList-Info.plist"; sourceTree = "<group>"; };
		A503FEA2171CE2C7003E10AE /* button-add-ingridient.png */ = {isa = PBXFileReference; lastKnownFileType = image.png; path = "button-add-ingridient.png"; sourceTree = "<group>"; };
		A503FEA4171CE56D003E10AE /* button-add-ingridient@2x.png */ = {isa = PBXFileReference; lastKnownFileType = image.png; path = "button-add-ingridient@2x.png"; sourceTree = "<group>"; };
		A5245E52171E33FB00C733E7 /* nav-light-bg.png */ = {isa = PBXFileReference; lastKnownFileType = image.png; path = "nav-light-bg.png"; sourceTree = "<group>"; };
		A5245E53171E33FB00C733E7 /* nav-light-bg@2x.png */ = {isa = PBXFileReference; lastKnownFileType = image.png; path = "nav-light-bg@2x.png"; sourceTree = "<group>"; };
		A52FD7D9172352D9003978B9 /* MRecipeCell.h */ = {isa = PBXFileReference; fileEncoding = 4; lastKnownFileType = sourcecode.c.h; path = MRecipeCell.h; sourceTree = "<group>"; };
		A52FD7DA172352D9003978B9 /* MRecipeCell.m */ = {isa = PBXFileReference; fileEncoding = 4; lastKnownFileType = sourcecode.c.objc; path = MRecipeCell.m; sourceTree = "<group>"; };
		A58600501720C51D0098750F /* table-menus-bg.png */ = {isa = PBXFileReference; lastKnownFileType = image.png; path = "table-menus-bg.png"; sourceTree = "<group>"; };
		A58600511720C51D0098750F /* table-menus-bg@2x.png */ = {isa = PBXFileReference; lastKnownFileType = image.png; path = "table-menus-bg@2x.png"; sourceTree = "<group>"; };
		A58C640F171246FD00D4C477 /* nav-bg.png */ = {isa = PBXFileReference; lastKnownFileType = image.png; path = "nav-bg.png"; sourceTree = "<group>"; };
		A58C6411171249CD00D4C477 /* body-bg.png */ = {isa = PBXFileReference; lastKnownFileType = image.png; path = "body-bg.png"; sourceTree = "<group>"; };
		A58C64131712504000D4C477 /* nav-bg@2x.png */ = {isa = PBXFileReference; lastKnownFileType = image.png; path = "nav-bg@2x.png"; sourceTree = "<group>"; };
		A58C641517125AB700D4C477 /* ico-main-menu.png */ = {isa = PBXFileReference; lastKnownFileType = image.png; path = "ico-main-menu.png"; sourceTree = "<group>"; };
		A58C641717125FBC00D4C477 /* button-bg.png */ = {isa = PBXFileReference; lastKnownFileType = image.png; path = "button-bg.png"; sourceTree = "<group>"; };
		A58C641D1712656F00D4C477 /* button-bg@2x.png */ = {isa = PBXFileReference; lastKnownFileType = image.png; path = "button-bg@2x.png"; sourceTree = "<group>"; };
		A5A06AD0171B3EF800F30E62 /* button-transparent-bg.png */ = {isa = PBXFileReference; lastKnownFileType = image.png; path = "button-transparent-bg.png"; sourceTree = "<group>"; };
		A5A06AD1171B3EF800F30E62 /* button-transparent-bg@2x.png */ = {isa = PBXFileReference; lastKnownFileType = image.png; path = "button-transparent-bg@2x.png"; sourceTree = "<group>"; };
		A5A06AD4171B4E7A00F30E62 /* MRecipeDetailsController.xib */ = {isa = PBXFileReference; fileEncoding = 4; lastKnownFileType = file.xib; path = MRecipeDetailsController.xib; sourceTree = SOURCE_ROOT; };
		A5A06AD6171B87D700F30E62 /* Dakota Regular.ttf */ = {isa = PBXFileReference; lastKnownFileType = file; path = "Dakota Regular.ttf"; sourceTree = "<group>"; };
		A5AA951917162E820052FE06 /* table-products-bg.png */ = {isa = PBXFileReference; lastKnownFileType = image.png; path = "table-products-bg.png"; sourceTree = "<group>"; };
		A5AA951A17162E820052FE06 /* table-products-bg@2x.png */ = {isa = PBXFileReference; lastKnownFileType = image.png; path = "table-products-bg@2x.png"; sourceTree = "<group>"; };
		A5DE20121714B6B00081587A /* button-green-bg.png */ = {isa = PBXFileReference; lastKnownFileType = image.png; path = "button-green-bg.png"; sourceTree = "<group>"; };
		A5DE20131714B6B00081587A /* button-green-bg@2x.png */ = {isa = PBXFileReference; lastKnownFileType = image.png; path = "button-green-bg@2x.png"; sourceTree = "<group>"; };
		A5DE20161714D7950081587A /* grey@2X.png */ = {isa = PBXFileReference; lastKnownFileType = image.png; path = "grey@2X.png"; sourceTree = "<group>"; };
		A5DE20171714D7950081587A /* grey.png */ = {isa = PBXFileReference; lastKnownFileType = image.png; path = grey.png; sourceTree = "<group>"; };
		A5DE201A1714EAC40081587A /* body-bg@2x.png */ = {isa = PBXFileReference; lastKnownFileType = image.png; path = "body-bg@2x.png"; sourceTree = "<group>"; };
		A5DE201C1714F8AD0081587A /* bg-empty-table-rec.png */ = {isa = PBXFileReference; lastKnownFileType = image.png; path = "bg-empty-table-rec.png"; sourceTree = "<group>"; };
		A5DE201D1714F8AD0081587A /* bg-empty-table-rec@2x.png */ = {isa = PBXFileReference; lastKnownFileType = image.png; path = "bg-empty-table-rec@2x.png"; sourceTree = "<group>"; };
		A5DE20201714FC160081587A /* star_disabled_brushed.png */ = {isa = PBXFileReference; lastKnownFileType = image.png; path = star_disabled_brushed.png; sourceTree = "<group>"; };
		A5DE20211714FC160081587A /* star_disabled_brushed@2x.png */ = {isa = PBXFileReference; lastKnownFileType = image.png; path = "star_disabled_brushed@2x.png"; sourceTree = "<group>"; };
		A5DE20221714FC160081587A /* star_enabled_brushed.png */ = {isa = PBXFileReference; lastKnownFileType = image.png; path = star_enabled_brushed.png; sourceTree = "<group>"; };
		A5DE20231714FC160081587A /* star_enabled_brushed@2x.png */ = {isa = PBXFileReference; lastKnownFileType = image.png; path = "star_enabled_brushed@2x.png"; sourceTree = "<group>"; };
		A5EB002C1713A18C0038F075 /* shopping_bag.png */ = {isa = PBXFileReference; lastKnownFileType = image.png; path = shopping_bag.png; sourceTree = "<group>"; };
		A5EB002D1713A18C0038F075 /* shopping_bag@2x.png */ = {isa = PBXFileReference; lastKnownFileType = image.png; path = "shopping_bag@2x.png"; sourceTree = "<group>"; };
		A5EB00301713A4A40038F075 /* btn-add.png */ = {isa = PBXFileReference; lastKnownFileType = image.png; path = "btn-add.png"; sourceTree = "<group>"; };
		A5EB00321713A50F0038F075 /* btn-add@2x.png */ = {isa = PBXFileReference; lastKnownFileType = image.png; path = "btn-add@2x.png"; sourceTree = "<group>"; };
		A5EB00341713BA4D0038F075 /* ico-main-menu@2x.png */ = {isa = PBXFileReference; lastKnownFileType = image.png; path = "ico-main-menu@2x.png"; sourceTree = "<group>"; };
		A5EC652B171661DC008CDC54 /* products-checkbox-checked.png */ = {isa = PBXFileReference; lastKnownFileType = image.png; path = "products-checkbox-checked.png"; sourceTree = "<group>"; };
		A5EC652C171661DC008CDC54 /* products-checkbox-checked@2x.png */ = {isa = PBXFileReference; lastKnownFileType = image.png; path = "products-checkbox-checked@2x.png"; sourceTree = "<group>"; };
		A5EC652F17166384008CDC54 /* products-checkbox.png */ = {isa = PBXFileReference; lastKnownFileType = image.png; path = "products-checkbox.png"; sourceTree = "<group>"; };
		A5EC653017166384008CDC54 /* products-checkbox@2x.png */ = {isa = PBXFileReference; lastKnownFileType = image.png; path = "products-checkbox@2x.png"; sourceTree = "<group>"; };
/* End PBXFileReference section */

/* Begin PBXFrameworksBuildPhase section */
		8D4318FD16B600C600D0989C /* Frameworks */ = {
			isa = PBXFrameworksBuildPhase;
			buildActionMask = 2147483647;
			files = (
				8D43191A16B61F2700D0989C /* libsqlite3.0.dylib in Frameworks */,
				8D43190216B600C600D0989C /* SenTestingKit.framework in Frameworks */,
				8D43190316B600C600D0989C /* UIKit.framework in Frameworks */,
				8D43190416B600C600D0989C /* Foundation.framework in Frameworks */,
			);
			runOnlyForDeploymentPostprocessing = 0;
		};
		8DDF6A6C169B27BE002019C0 /* Frameworks */ = {
			isa = PBXFrameworksBuildPhase;
			buildActionMask = 2147483647;
			files = (
				8DF43F7216A2737E007E2C81 /* libsqlite3.dylib in Frameworks */,
				8DDF6A74169B27BE002019C0 /* UIKit.framework in Frameworks */,
				8DDF6A76169B27BE002019C0 /* Foundation.framework in Frameworks */,
				8DDF6A78169B27BE002019C0 /* CoreGraphics.framework in Frameworks */,
				8DDF6A7A169B27BE002019C0 /* CoreData.framework in Frameworks */,
			);
			runOnlyForDeploymentPostprocessing = 0;
		};
/* End PBXFrameworksBuildPhase section */

/* Begin PBXGroup section */
		8D43190516B600C600D0989C /* RecipeUnitTest */ = {
			isa = PBXGroup;
			children = (
				8D43190B16B600C700D0989C /* RecipeUnitTest.h */,
				8D43190C16B600C700D0989C /* RecipeUnitTest.m */,
				8D43190616B600C700D0989C /* Supporting Files */,
			);
			path = RecipeUnitTest;
			sourceTree = "<group>";
		};
		8D43190616B600C700D0989C /* Supporting Files */ = {
			isa = PBXGroup;
			children = (
				8D43190716B600C700D0989C /* RecipeUnitTest-Info.plist */,
				8D43190816B600C700D0989C /* InfoPlist.strings */,
				8D43190E16B600C700D0989C /* RecipeUnitTest-Prefix.pch */,
			);
			name = "Supporting Files";
			sourceTree = "<group>";
		};
		8DDF6A64169B27BE002019C0 = {
			isa = PBXGroup;
			children = (
				8D43191916B61F2700D0989C /* libsqlite3.0.dylib */,
				8DA7937B16AF8CF1008120DF /* MEnumerations.h */,
				8DE62CFE16AA526F00932F5B /* Data */,
				8DDF6A7B169B27BE002019C0 /* myRecipeList */,
				8D43190516B600C600D0989C /* RecipeUnitTest */,
				8DDF6A72169B27BE002019C0 /* Frameworks */,
				8DDF6A70169B27BE002019C0 /* Products */,
			);
			sourceTree = "<group>";
		};
		8DDF6A70169B27BE002019C0 /* Products */ = {
			isa = PBXGroup;
			children = (
				8DDF6A6F169B27BE002019C0 /* myRecipeList.app */,
				8D43190116B600C600D0989C /* RecipeUnitTest.octest */,
			);
			name = Products;
			sourceTree = "<group>";
		};
		8DDF6A72169B27BE002019C0 /* Frameworks */ = {
			isa = PBXGroup;
			children = (
				8D4318F916B5EDD200D0989C /* SenTestingKit.framework */,
				8DF43F7116A2737E007E2C81 /* libsqlite3.dylib */,
				8DDF6A73169B27BE002019C0 /* UIKit.framework */,
				8DDF6A75169B27BE002019C0 /* Foundation.framework */,
				8DDF6A77169B27BE002019C0 /* CoreGraphics.framework */,
				8DDF6A79169B27BE002019C0 /* CoreData.framework */,
			);
			name = Frameworks;
			sourceTree = "<group>";
		};
		8DDF6A7B169B27BE002019C0 /* myRecipeList */ = {
			isa = PBXGroup;
			children = (
				8D29BDD616E6DF42007D1C0B /* MAmountMeasurement.h */,
				8D29BDD716E6DF42007D1C0B /* MAmountMeasurement.m */,
				8D29BDD816E6DF43007D1C0B /* MAmountMeasurement.xib */,
				8D9650A116E3CEAA001B50D1 /* MRecipeDetailsController.h */,
				8D9650A216E3CEAA001B50D1 /* MRecipeDetailsController.m */,
				A5A06AD4171B4E7A00F30E62 /* MRecipeDetailsController.xib */,
				8DDF6A84169B27BE002019C0 /* MAppDelegate.h */,
				8DDF6A85169B27BE002019C0 /* MAppDelegate.m */,
				8DDF6A8D169B27BE002019C0 /* myRecepy.xcdatamodeld */,
				8DDF6A7C169B27BE002019C0 /* Supporting Files */,
				8DDF6A98169B63D9002019C0 /* MListOfIngridients.xib */,
				8DDF6A9A169B64A2002019C0 /* MIngredientsController.h */,
				8DDF6A9B169B64A2002019C0 /* MIngredientsController.m */,
				8D96509B16E3C7BD001B50D1 /* MRecipeListController.h */,
				8D96509C16E3C7BD001B50D1 /* MRecipeListController.m */,
				8D96509D16E3C7BD001B50D1 /* MRecipeListController.xib */,
				8DAC7A5616E4341500BB7DB1 /* MIngredientController.h */,
				8DAC7A5716E4341500BB7DB1 /* MIngredientController.m */,
				8DAC7A5816E4341500BB7DB1 /* MIngredientController.xib */,
				8D7B300716E84DCC00582D1A /* MMenuController.h */,
				8D7B300816E84DCC00582D1A /* MMenuController.m */,
				8D7B300916E84DCC00582D1A /* MMenuController.xib */,
				8DEE045016F02710001040D7 /* MRecipesForMenuController.h */,
				8DEE045116F02710001040D7 /* MRecipesForMenuController.m */,
				A52FD7D9172352D9003978B9 /* MRecipeCell.h */,
				A52FD7DA172352D9003978B9 /* MRecipeCell.m */,
				8DEE045216F02710001040D7 /* MRecipesForMenuController.xib */,
				8D6C877616F8158600425226 /* MShoppingCart.h */,
				8D6C877716F8158600425226 /* MShoppingCart.m */,
				8D6C877816F8158600425226 /* MShoppingCart.xib */,
			);
			name = myRecipeList;
			path = myRecepy;
			sourceTree = "<group>";
		};
		8DDF6A7C169B27BE002019C0 /* Supporting Files */ = {
			isa = PBXGroup;
			children = (
				A58600501720C51D0098750F /* table-menus-bg.png */,
				A58600511720C51D0098750F /* table-menus-bg@2x.png */,
				A5245E52171E33FB00C733E7 /* nav-light-bg.png */,
				A5245E53171E33FB00C733E7 /* nav-light-bg@2x.png */,
				A503FEA4171CE56D003E10AE /* button-add-ingridient@2x.png */,
				A503FEA2171CE2C7003E10AE /* button-add-ingridient.png */,
				A5A06AD6171B87D700F30E62 /* Dakota Regular.ttf */,
				A5A06AD0171B3EF800F30E62 /* button-transparent-bg.png */,
				A5A06AD1171B3EF800F30E62 /* button-transparent-bg@2x.png */,
				A5EC652F17166384008CDC54 /* products-checkbox.png */,
				A5EC653017166384008CDC54 /* products-checkbox@2x.png */,
				A5EC652B171661DC008CDC54 /* products-checkbox-checked.png */,
				A5EC652C171661DC008CDC54 /* products-checkbox-checked@2x.png */,
				A5AA951917162E820052FE06 /* table-products-bg.png */,
				A5AA951A17162E820052FE06 /* table-products-bg@2x.png */,
				A5DE201C1714F8AD0081587A /* bg-empty-table-rec.png */,
				A5DE201D1714F8AD0081587A /* bg-empty-table-rec@2x.png */,
				A5DE201A1714EAC40081587A /* body-bg@2x.png */,
				A5DE20161714D7950081587A /* grey@2X.png */,
				A5DE20171714D7950081587A /* grey.png */,
				A5DE20121714B6B00081587A /* button-green-bg.png */,
				A5DE20131714B6B00081587A /* button-green-bg@2x.png */,
				A5EB00341713BA4D0038F075 /* ico-main-menu@2x.png */,
				A5EB00321713A50F0038F075 /* btn-add@2x.png */,
				A5EB00301713A4A40038F075 /* btn-add.png */,
				A5EB002C1713A18C0038F075 /* shopping_bag.png */,
				A5EB002D1713A18C0038F075 /* shopping_bag@2x.png */,
				A58C641D1712656F00D4C477 /* button-bg@2x.png */,
				A58C641717125FBC00D4C477 /* button-bg.png */,
				A58C641517125AB700D4C477 /* ico-main-menu.png */,
				A5DE20201714FC160081587A /* star_disabled_brushed.png */,
				A5DE20211714FC160081587A /* star_disabled_brushed@2x.png */,
				A503FEA0171B8DDA003E10AE /* myRecipeList-Info.plist */,
				A5DE20221714FC160081587A /* star_enabled_brushed.png */,
				A5DE20231714FC160081587A /* star_enabled_brushed@2x.png */,
				A58C6411171249CD00D4C477 /* body-bg.png */,
				A58C640F171246FD00D4C477 /* nav-bg.png */,
				A58C64131712504000D4C477 /* nav-bg@2x.png */,
				8DDF6A7E169B27BE002019C0 /* InfoPlist.strings */,
				8DDF6A81169B27BE002019C0 /* main.m */,
				8DDF6A83169B27BE002019C0 /* myRecipeList-Prefix.pch */,
				8DDF6A87169B27BE002019C0 /* Default.png */,
				8DDF6A89169B27BE002019C0 /* Default@2x.png */,
				8DDF6A8B169B27BE002019C0 /* Default-568h@2x.png */,
			);
			name = "Supporting Files";
			sourceTree = "<group>";
		};
		8DE62CFE16AA526F00932F5B /* Data */ = {
			isa = PBXGroup;
			children = (
				8DA7937716AAF360008120DF /* MMeasurement.h */,
				8DA7937816AAF360008120DF /* MMeasurement.m */,
				8DE62D0516AA60D500932F5B /* MMeasurements.h */,
				8DE62D0616AA60D500932F5B /* MMeasurements.m */,
				8D7EBE7F169FD74200819A4E /* MIngredient.h */,
				8D7EBE80169FD74200819A4E /* MIngredient.m */,
				8DA7937C16AF91A6008120DF /* MIngredients.h */,
				8DA7937D16AF91A6008120DF /* MIngredients.m */,
				8DE62D0216AA5DCE00932F5B /* MIngredientWithAmount.h */,
				8DE62D0316AA5DCE00932F5B /* MIngredientWithAmount.m */,
				8DDF6A95169B27DE002019C0 /* MRecipe.h */,
				8DDF6A96169B27DE002019C0 /* MRecipe.m */,
				8D4318EF16B22D0F00D0989C /* MRecipeWithIngredients.h */,
				8D4318F016B22D0F00D0989C /* MRecipeWithIngredients.m */,
				8D4318EC16B22B7B00D0989C /* MRecipes.h */,
				8D4318ED16B22B7B00D0989C /* MRecipes.m */,
				8D7EBE83169FDCDB00819A4E /* MMenu.h */,
				8D7EBE84169FDCDB00819A4E /* MMenu.m */,
				8DA7938016AF92A0008120DF /* MDatabase.h */,
				8DA7938116AF92A0008120DF /* MDatabase.m */,
				8DE62D0016AA52CF00932F5B /* Menus.sql */,
				8D7B300C16E84FE600582D1A /* MMenus.h */,
				8D7B300D16E84FE700582D1A /* MMenus.m */,
				8DC9DE4616EBA35C00F69139 /* MIngredientFromRecipeInMenu.h */,
				8DC9DE4716EBA35C00F69139 /* MIngredientFromRecipeInMenu.m */,
			);
			name = Data;
			sourceTree = "<group>";
		};
/* End PBXGroup section */

/* Begin PBXNativeTarget section */
		8D43190016B600C600D0989C /* RecipeUnitTest */ = {
			isa = PBXNativeTarget;
			buildConfigurationList = 8D43190F16B600C700D0989C /* Build configuration list for PBXNativeTarget "RecipeUnitTest" */;
			buildPhases = (
				8D4318FC16B600C600D0989C /* Sources */,
				8D4318FD16B600C600D0989C /* Frameworks */,
				8D4318FE16B600C600D0989C /* Resources */,
				8D4318FF16B600C600D0989C /* ShellScript */,
			);
			buildRules = (
			);
			dependencies = (
			);
			name = RecipeUnitTest;
			productName = RecipeUnitTest;
			productReference = 8D43190116B600C600D0989C /* RecipeUnitTest.octest */;
			productType = "com.apple.product-type.bundle";
		};
		8DDF6A6E169B27BE002019C0 /* myRecipeList */ = {
			isa = PBXNativeTarget;
			buildConfigurationList = 8DDF6A92169B27BE002019C0 /* Build configuration list for PBXNativeTarget "myRecipeList" */;
			buildPhases = (
				8DDF6A6B169B27BE002019C0 /* Sources */,
				8DDF6A6C169B27BE002019C0 /* Frameworks */,
				8DDF6A6D169B27BE002019C0 /* Resources */,
			);
			buildRules = (
				8D4318FB16B5EE5D00D0989C /* PBXBuildRule */,
			);
			dependencies = (
			);
			name = myRecipeList;
			productName = myRecepy;
			productReference = 8DDF6A6F169B27BE002019C0 /* myRecipeList.app */;
			productType = "com.apple.product-type.application";
		};
/* End PBXNativeTarget section */

/* Begin PBXProject section */
		8DDF6A66169B27BE002019C0 /* Project object */ = {
			isa = PBXProject;
			attributes = {
				CLASSPREFIX = M;
				LastUpgradeCheck = 0450;
				ORGANIZATIONNAME = Med;
			};
			buildConfigurationList = 8DDF6A69169B27BE002019C0 /* Build configuration list for PBXProject "myRecipeList" */;
			compatibilityVersion = "Xcode 3.2";
			developmentRegion = English;
			hasScannedForEncodings = 0;
			knownRegions = (
				en,
			);
			mainGroup = 8DDF6A64169B27BE002019C0;
			productRefGroup = 8DDF6A70169B27BE002019C0 /* Products */;
			projectDirPath = "";
			projectRoot = "";
			targets = (
				8DDF6A6E169B27BE002019C0 /* myRecipeList */,
				8D43190016B600C600D0989C /* RecipeUnitTest */,
			);
		};
/* End PBXProject section */

/* Begin PBXResourcesBuildPhase section */
		8D4318FE16B600C600D0989C /* Resources */ = {
			isa = PBXResourcesBuildPhase;
			buildActionMask = 2147483647;
			files = (
				8D43191B16B6371A00D0989C /* Menus.sql in Resources */,
				8D43190A16B600C700D0989C /* InfoPlist.strings in Resources */,
				A5A06AD7171B87D800F30E62 /* Dakota Regular.ttf in Resources */,
			);
			runOnlyForDeploymentPostprocessing = 0;
		};
		8DDF6A6D169B27BE002019C0 /* Resources */ = {
			isa = PBXResourcesBuildPhase;
			buildActionMask = 2147483647;
			files = (
				A503FE9F171B8D09003E10AE /* Dakota Regular.ttf in Resources */,
				8DDF6A80169B27BE002019C0 /* InfoPlist.strings in Resources */,
				8DDF6A88169B27BE002019C0 /* Default.png in Resources */,
				8DDF6A8A169B27BE002019C0 /* Default@2x.png in Resources */,
				8DDF6A8C169B27BE002019C0 /* Default-568h@2x.png in Resources */,
				8DDF6A99169B63D9002019C0 /* MListOfIngridients.xib in Resources */,
				8DE62D0116AA52CF00932F5B /* Menus.sql in Resources */,
				8D96509F16E3C7BD001B50D1 /* MRecipeListController.xib in Resources */,
				8DAC7A5A16E4341500BB7DB1 /* MIngredientController.xib in Resources */,
				8D29BDDA16E6DF43007D1C0B /* MAmountMeasurement.xib in Resources */,
				8D7B300B16E84DCC00582D1A /* MMenuController.xib in Resources */,
				8DEE045416F02710001040D7 /* MRecipesForMenuController.xib in Resources */,
				8D6C877A16F8158600425226 /* MShoppingCart.xib in Resources */,
				A58C6410171246FD00D4C477 /* nav-bg.png in Resources */,
				A58C6412171249CD00D4C477 /* body-bg.png in Resources */,
				A58C64141712504000D4C477 /* nav-bg@2x.png in Resources */,
				A58C641617125AB700D4C477 /* ico-main-menu.png in Resources */,
				A58C641817125FBD00D4C477 /* button-bg.png in Resources */,
				A58C641E1712656F00D4C477 /* button-bg@2x.png in Resources */,
				A5EB002E1713A18C0038F075 /* shopping_bag.png in Resources */,
				A5EB002F1713A18C0038F075 /* shopping_bag@2x.png in Resources */,
				A5EB00311713A4A40038F075 /* btn-add.png in Resources */,
				A5EB00331713A50F0038F075 /* btn-add@2x.png in Resources */,
				A5EB00351713BA4D0038F075 /* ico-main-menu@2x.png in Resources */,
				A5DE20141714B6B00081587A /* button-green-bg.png in Resources */,
				A5DE20151714B6B00081587A /* button-green-bg@2x.png in Resources */,
				A5DE20181714D7960081587A /* grey@2X.png in Resources */,
				A5DE20191714D7960081587A /* grey.png in Resources */,
				A5DE201B1714EAC40081587A /* body-bg@2x.png in Resources */,
				A5DE201E1714F8AD0081587A /* bg-empty-table-rec.png in Resources */,
				A5DE201F1714F8AD0081587A /* bg-empty-table-rec@2x.png in Resources */,
				A5DE20241714FC160081587A /* star_disabled_brushed.png in Resources */,
				A5DE20251714FC160081587A /* star_disabled_brushed@2x.png in Resources */,
				A5DE20261714FC160081587A /* star_enabled_brushed.png in Resources */,
				A5DE20271714FC160081587A /* star_enabled_brushed@2x.png in Resources */,
				A5AA951B17162E820052FE06 /* table-products-bg.png in Resources */,
				A5AA951C17162E820052FE06 /* table-products-bg@2x.png in Resources */,
				A5EC652D171661DC008CDC54 /* products-checkbox-checked.png in Resources */,
				A5EC652E171661DC008CDC54 /* products-checkbox-checked@2x.png in Resources */,
				A5EC653117166384008CDC54 /* products-checkbox.png in Resources */,
				A5EC653217166384008CDC54 /* products-checkbox@2x.png in Resources */,
				A5A06AD2171B3EF800F30E62 /* button-transparent-bg.png in Resources */,
				A5A06AD3171B3EF800F30E62 /* button-transparent-bg@2x.png in Resources */,
				A5A06AD5171B4E7A00F30E62 /* MRecipeDetailsController.xib in Resources */,
				A503FEA1171B8DDA003E10AE /* myRecipeList-Info.plist in Resources */,
				A503FEA3171CE2C7003E10AE /* button-add-ingridient.png in Resources */,
				A503FEA5171CE56D003E10AE /* button-add-ingridient@2x.png in Resources */,
				A5245E54171E33FB00C733E7 /* nav-light-bg.png in Resources */,
				A5245E55171E33FB00C733E7 /* nav-light-bg@2x.png in Resources */,
				A58600521720C51D0098750F /* table-menus-bg.png in Resources */,
				A58600531720C51D0098750F /* table-menus-bg@2x.png in Resources */,
			);
			runOnlyForDeploymentPostprocessing = 0;
		};
/* End PBXResourcesBuildPhase section */

/* Begin PBXShellScriptBuildPhase section */
		8D4318FF16B600C600D0989C /* ShellScript */ = {
			isa = PBXShellScriptBuildPhase;
			buildActionMask = 2147483647;
			files = (
			);
			inputPaths = (
			);
			outputPaths = (
			);
			runOnlyForDeploymentPostprocessing = 0;
			shellPath = /bin/sh;
			shellScript = "# Run the unit tests in this test bundle.\n\"${SYSTEM_DEVELOPER_DIR}/Tools/RunUnitTests\"\n";
		};
/* End PBXShellScriptBuildPhase section */

/* Begin PBXSourcesBuildPhase section */
		8D4318FC16B600C600D0989C /* Sources */ = {
			isa = PBXSourcesBuildPhase;
			buildActionMask = 2147483647;
			files = (
				8D43191816B61F0D00D0989C /* MMeasurement.m in Sources */,
				8D43191716B61E6C00D0989C /* MDatabase.m in Sources */,
				8D43191616B61E4F00D0989C /* MMeasurements.m in Sources */,
				8D43190D16B600C700D0989C /* RecipeUnitTest.m in Sources */,
			);
			runOnlyForDeploymentPostprocessing = 0;
		};
		8DDF6A6B169B27BE002019C0 /* Sources */ = {
			isa = PBXSourcesBuildPhase;
			buildActionMask = 2147483647;
			files = (
				8DDF6A82169B27BE002019C0 /* main.m in Sources */,
				8DDF6A86169B27BE002019C0 /* MAppDelegate.m in Sources */,
				8DDF6A8F169B27BE002019C0 /* myRecepy.xcdatamodeld in Sources */,
				8DDF6A97169B27DF002019C0 /* MRecipe.m in Sources */,
				8DDF6A9C169B64A2002019C0 /* MIngredientsController.m in Sources */,
				8D7EBE81169FD74200819A4E /* MIngredient.m in Sources */,
				8D7EBE85169FDCDB00819A4E /* MMenu.m in Sources */,
				8DE62D0416AA5DCE00932F5B /* MIngredientWithAmount.m in Sources */,
				8DE62D0716AA60D500932F5B /* MMeasurements.m in Sources */,
				8DA7937916AAF360008120DF /* MMeasurement.m in Sources */,
				8DA7937E16AF91A6008120DF /* MIngredients.m in Sources */,
				8DA7938216AF92A1008120DF /* MDatabase.m in Sources */,
				8D4318EE16B22B7B00D0989C /* MRecipes.m in Sources */,
				8D4318F116B22D0F00D0989C /* MRecipeWithIngredients.m in Sources */,
				8D96509E16E3C7BD001B50D1 /* MRecipeListController.m in Sources */,
				8D9650A416E3CEAB001B50D1 /* MRecipeDetailsController.m in Sources */,
				8DAC7A5916E4341500BB7DB1 /* MIngredientController.m in Sources */,
				8D29BDD916E6DF43007D1C0B /* MAmountMeasurement.m in Sources */,
				8D7B300A16E84DCC00582D1A /* MMenuController.m in Sources */,
				8D7B300E16E84FE700582D1A /* MMenus.m in Sources */,
				8DC9DE4816EBA35C00F69139 /* MIngredientFromRecipeInMenu.m in Sources */,
				8DEE045316F02710001040D7 /* MRecipesForMenuController.m in Sources */,
				8D6C877916F8158600425226 /* MShoppingCart.m in Sources */,
				A52FD7DB172352D9003978B9 /* MRecipeCell.m in Sources */,
			);
			runOnlyForDeploymentPostprocessing = 0;
		};
/* End PBXSourcesBuildPhase section */

/* Begin PBXVariantGroup section */
		8D43190816B600C700D0989C /* InfoPlist.strings */ = {
			isa = PBXVariantGroup;
			children = (
				8D43190916B600C700D0989C /* en */,
			);
			name = InfoPlist.strings;
			sourceTree = "<group>";
		};
		8DDF6A7E169B27BE002019C0 /* InfoPlist.strings */ = {
			isa = PBXVariantGroup;
			children = (
				8DDF6A7F169B27BE002019C0 /* en */,
			);
			name = InfoPlist.strings;
			sourceTree = "<group>";
		};
/* End PBXVariantGroup section */

/* Begin XCBuildConfiguration section */
		8D43191016B600C700D0989C /* Debug */ = {
			isa = XCBuildConfiguration;
			buildSettings = {
				FRAMEWORK_SEARCH_PATHS = (
					"\"$(SDKROOT)/Developer/Library/Frameworks\"",
					"\"$(DEVELOPER_LIBRARY_DIR)/Frameworks\"",
				);
				GCC_PRECOMPILE_PREFIX_HEADER = YES;
				GCC_PREFIX_HEADER = "RecipeUnitTest/RecipeUnitTest-Prefix.pch";
				INFOPLIST_FILE = "RecipeUnitTest/RecipeUnitTest-Info.plist";
				PRODUCT_NAME = "$(TARGET_NAME)";
				WRAPPER_EXTENSION = octest;
			};
			name = Debug;
		};
		8D43191116B600C700D0989C /* Release */ = {
			isa = XCBuildConfiguration;
			buildSettings = {
				FRAMEWORK_SEARCH_PATHS = (
					"\"$(SDKROOT)/Developer/Library/Frameworks\"",
					"\"$(DEVELOPER_LIBRARY_DIR)/Frameworks\"",
				);
				GCC_PRECOMPILE_PREFIX_HEADER = YES;
				GCC_PREFIX_HEADER = "RecipeUnitTest/RecipeUnitTest-Prefix.pch";
				INFOPLIST_FILE = "RecipeUnitTest/RecipeUnitTest-Info.plist";
				PRODUCT_NAME = "$(TARGET_NAME)";
				WRAPPER_EXTENSION = octest;
			};
			name = Release;
		};
		8DDF6A90169B27BE002019C0 /* Debug */ = {
			isa = XCBuildConfiguration;
			buildSettings = {
				ALWAYS_SEARCH_USER_PATHS = NO;
				CLANG_CXX_LANGUAGE_STANDARD = "gnu++0x";
				CLANG_CXX_LIBRARY = "libc++";
				CLANG_ENABLE_OBJC_ARC = YES;
				CLANG_WARN_EMPTY_BODY = YES;
				CLANG_WARN__DUPLICATE_METHOD_MATCH = YES;
				"CODE_SIGN_IDENTITY[sdk=iphoneos*]" = "iPhone Developer";
				COPY_PHASE_STRIP = NO;
				GCC_C_LANGUAGE_STANDARD = gnu99;
				GCC_DYNAMIC_NO_PIC = NO;
				GCC_OPTIMIZATION_LEVEL = 0;
				GCC_PREPROCESSOR_DEFINITIONS = (
					"DEBUG=1",
					"$(inherited)",
				);
				GCC_SYMBOLS_PRIVATE_EXTERN = NO;
				GCC_WARN_ABOUT_RETURN_TYPE = YES;
				GCC_WARN_UNINITIALIZED_AUTOS = YES;
				GCC_WARN_UNUSED_VARIABLE = YES;
				IPHONEOS_DEPLOYMENT_TARGET = 6.0;
				ONLY_ACTIVE_ARCH = YES;
				SDKROOT = iphoneos;
				TARGETED_DEVICE_FAMILY = "1,2";
			};
			name = Debug;
		};
		8DDF6A91169B27BE002019C0 /* Release */ = {
			isa = XCBuildConfiguration;
			buildSettings = {
				ALWAYS_SEARCH_USER_PATHS = NO;
				CLANG_CXX_LANGUAGE_STANDARD = "gnu++0x";
				CLANG_CXX_LIBRARY = "libc++";
				CLANG_ENABLE_OBJC_ARC = YES;
				CLANG_WARN_EMPTY_BODY = YES;
				CLANG_WARN__DUPLICATE_METHOD_MATCH = YES;
				"CODE_SIGN_IDENTITY[sdk=iphoneos*]" = "iPhone Developer";
				COPY_PHASE_STRIP = YES;
				GCC_C_LANGUAGE_STANDARD = gnu99;
				GCC_WARN_ABOUT_RETURN_TYPE = YES;
				GCC_WARN_UNINITIALIZED_AUTOS = YES;
				GCC_WARN_UNUSED_VARIABLE = YES;
				IPHONEOS_DEPLOYMENT_TARGET = 6.0;
				ONLY_ACTIVE_ARCH = YES;
				OTHER_CFLAGS = "-DNS_BLOCK_ASSERTIONS=1";
				SDKROOT = iphoneos;
				TARGETED_DEVICE_FAMILY = "1,2";
				VALIDATE_PRODUCT = YES;
			};
			name = Release;
		};
		8DDF6A93169B27BE002019C0 /* Debug */ = {
			isa = XCBuildConfiguration;
			buildSettings = {
				FRAMEWORK_SEARCH_PATHS = (
					"$(inherited)",
					"\"$(SYSTEM_APPS_DIR)/Xcode.app/Contents/Developer/Library/Frameworks\"",
				);
				GCC_PRECOMPILE_PREFIX_HEADER = YES;
				GCC_PREFIX_HEADER = "myRecepy/myRecipeList-Prefix.pch";
				INFOPLIST_FILE = "myRecepy/myRecipeList-Info.plist";
				IPHONEOS_DEPLOYMENT_TARGET = 5.0;
				PRODUCT_NAME = myRecipeList;
				WRAPPER_EXTENSION = app;
			};
			name = Debug;
		};
		8DDF6A94169B27BE002019C0 /* Release */ = {
			isa = XCBuildConfiguration;
			buildSettings = {
				FRAMEWORK_SEARCH_PATHS = (
					"$(inherited)",
					"\"$(SYSTEM_APPS_DIR)/Xcode.app/Contents/Developer/Library/Frameworks\"",
				);
				GCC_PRECOMPILE_PREFIX_HEADER = YES;
				GCC_PREFIX_HEADER = "myRecepy/myRecipeList-Prefix.pch";
				INFOPLIST_FILE = "myRecepy/myRecipeList-Info.plist";
				IPHONEOS_DEPLOYMENT_TARGET = 5.0;
				PRODUCT_NAME = myRecipeList;
				WRAPPER_EXTENSION = app;
			};
			name = Release;
		};
/* End XCBuildConfiguration section */

/* Begin XCConfigurationList section */
		8D43190F16B600C700D0989C /* Build configuration list for PBXNativeTarget "RecipeUnitTest" */ = {
			isa = XCConfigurationList;
			buildConfigurations = (
				8D43191016B600C700D0989C /* Debug */,
				8D43191116B600C700D0989C /* Release */,
			);
			defaultConfigurationIsVisible = 0;
			defaultConfigurationName = Release;
		};
		8DDF6A69169B27BE002019C0 /* Build configuration list for PBXProject "myRecipeList" */ = {
			isa = XCConfigurationList;
			buildConfigurations = (
				8DDF6A90169B27BE002019C0 /* Debug */,
				8DDF6A91169B27BE002019C0 /* Release */,
			);
			defaultConfigurationIsVisible = 0;
			defaultConfigurationName = Release;
		};
		8DDF6A92169B27BE002019C0 /* Build configuration list for PBXNativeTarget "myRecipeList" */ = {
			isa = XCConfigurationList;
			buildConfigurations = (
				8DDF6A93169B27BE002019C0 /* Debug */,
				8DDF6A94169B27BE002019C0 /* Release */,
			);
			defaultConfigurationIsVisible = 0;
			defaultConfigurationName = Release;
		};
/* End XCConfigurationList section */

/* Begin XCVersionGroup section */
		8DDF6A8D169B27BE002019C0 /* myRecepy.xcdatamodeld */ = {
			isa = XCVersionGroup;
			children = (
				8DDF6A8E169B27BE002019C0 /* myRecepy.xcdatamodel */,
			);
			currentVersion = 8DDF6A8E169B27BE002019C0 /* myRecepy.xcdatamodel */;
			path = myRecepy.xcdatamodeld;
			sourceTree = "<group>";
			versionGroupType = wrapper.xcdatamodel;
		};
/* End XCVersionGroup section */
	};
	rootObject = 8DDF6A66169B27BE002019C0 /* Project object */;
}
